
Microsoft Visual Studio Solution File, Format Version 12.00
# Visual Studio Version 16
VisualStudioVersion = 25.0.1704.0
MinimumVisualStudioVersion = 10.0.40219.1
Project("{FAE04EC0-301F-11D3-BF4B-00C04F79EFBC}") = "Hands.iOS", "Hands\Hands.iOS\Hands.iOS.csproj", "{25A04B68-D0E8-4B17-8769-1428FF706028}"
EndProject
Project("{FAE04EC0-301F-11D3-BF4B-00C04F79EFBC}") = "Hands", "Hands\Hands\Hands.csproj", "{F7571BC4-8FE5-4E13-BCE9-3D7F990587AB}"
EndProject
Global
	GlobalSection(SolutionConfigurationPlatforms) = preSolution
		Debug|iPhoneSimulator = Debug|iPhoneSimulator
		Release|iPhoneSimulator = Release|iPhoneSimulator
		Debug|iPhone = Debug|iPhone
		Release|iPhone = Release|iPhone
		Debug|Any CPU = Debug|Any CPU
		Release|Any CPU = Release|Any CPU
	EndGlobalSection
	GlobalSection(ProjectConfigurationPlatforms) = postSolution
		{25A04B68-D0E8-4B17-8769-1428FF706028}.Debug|iPhoneSimulator.ActiveCfg = Debug|iPhoneSimulator
		{25A04B68-D0E8-4B17-8769-1428FF706028}.Debug|iPhoneSimulator.Build.0 = Debug|iPhoneSimulator
		{25A04B68-D0E8-4B17-8769-1428FF706028}.Release|iPhoneSimulator.ActiveCfg = Release|iPhoneSimulator
		{25A04B68-D0E8-4B17-8769-1428FF706028}.Release|iPhoneSimulator.Build.0 = Release|iPhoneSimulator
		{25A04B68-D0E8-4B17-8769-1428FF706028}.Debug|iPhone.ActiveCfg = Debug|iPhone
		{25A04B68-D0E8-4B17-8769-1428FF706028}.Debug|iPhone.Build.0 = Debug|iPhone
		{25A04B68-D0E8-4B17-8769-1428FF706028}.Release|iPhone.ActiveCfg = Release|iPhone
		{25A04B68-D0E8-4B17-8769-1428FF706028}.Release|iPhone.Build.0 = Release|iPhone
		{25A04B68-D0E8-4B17-8769-1428FF706028}.Debug|Any CPU.ActiveCfg = Debug|iPhoneSimulator
		{25A04B68-D0E8-4B17-8769-1428FF706028}.Debug|Any CPU.Build.0 = Debug|iPhoneSimulator
		{25A04B68-D0E8-4B17-8769-1428FF706028}.Release|Any CPU.ActiveCfg = Release|iPhoneSimulator
		{25A04B68-D0E8-4B17-8769-1428FF706028}.Release|Any CPU.Build.0 = Release|iPhoneSimulator
		{F7571BC4-8FE5-4E13-BCE9-3D7F990587AB}.Debug|iPhoneSimulator.ActiveCfg = Debug|Any CPU
		{F7571BC4-8FE5-4E13-BCE9-3D7F990587AB}.Debug|iPhoneSimulator.Build.0 = Debug|Any CPU
		{F7571BC4-8FE5-4E13-BCE9-3D7F990587AB}.Release|iPhoneSimulator.ActiveCfg = Release|Any CPU
		{F7571BC4-8FE5-4E13-BCE9-3D7F990587AB}.Release|iPhoneSimulator.Build.0 = Release|Any CPU
		{F7571BC4-8FE5-4E13-BCE9-3D7F990587AB}.Debug|iPhone.ActiveCfg = Debug|Any CPU
		{F7571BC4-8FE5-4E13-BCE9-3D7F990587AB}.Debug|iPhone.Build.0 = Debug|Any CPU
		{F7571BC4-8FE5-4E13-BCE9-3D7F990587AB}.Release|iPhone.ActiveCfg = Release|Any CPU
		{F7571BC4-8FE5-4E13-BCE9-3D7F990587AB}.Release|iPhone.Build.0 = Release|Any CPU
		{F7571BC4-8FE5-4E13-BCE9-3D7F990587AB}.Debug|Any CPU.ActiveCfg = Debug|Any CPU
		{F7571BC4-8FE5-4E13-BCE9-3D7F990587AB}.Debug|Any CPU.Build.0 = Debug|Any CPU
		{F7571BC4-8FE5-4E13-BCE9-3D7F990587AB}.Release|Any CPU.ActiveCfg = Release|Any CPU
		{F7571BC4-8FE5-4E13-BCE9-3D7F990587AB}.Release|Any CPU.Build.0 = Release|Any CPU
	EndGlobalSection
	GlobalSection(SolutionProperties) = preSolution
		HideSolutionNode = FALSE
	EndGlobalSection
	GlobalSection(ExtensibilityGlobals) = postSolution
		SolutionGuid = {CE9C8D37-5D4B-46CF-A371-36B9743B56B9}
	EndGlobalSection
EndGlobal
